
Microsoft Visual Studio Solution File, Format Version 12.00
# Visual Studio Version 17
VisualStudioVersion = 17.4.33103.184
MinimumVisualStudioVersion = 10.0.40219.1
Project("{FAE04EC0-301F-11D3-BF4B-00C04F79EFBC}") = "CCSU.CS.OpenInvoice.Web", "CCSU.CS.OpenInvoice.Web\CCSU.CS.OpenInvoice.Web.csproj", "{F3A5E5FF-55A9-4ADC-80CE-6C07AAD2EAD8}"
EndProject
Global
	GlobalSection(SolutionConfigurationPlatforms) = preSolution
		Debug|Any CPU = Debug|Any CPU
		Release|Any CPU = Release|Any CPU
	EndGlobalSection
	GlobalSection(ProjectConfigurationPlatforms) = postSolution
		{F3A5E5FF-55A9-4ADC-80CE-6C07AAD2EAD8}.Debug|Any CPU.ActiveCfg = Debug|Any CPU
		{F3A5E5FF-55A9-4ADC-80CE-6C07AAD2EAD8}.Debug|Any CPU.Build.0 = Debug|Any CPU
		{F3A5E5FF-55A9-4ADC-80CE-6C07AAD2EAD8}.Release|Any CPU.ActiveCfg = Release|Any CPU
		{F3A5E5FF-55A9-4ADC-80CE-6C07AAD2EAD8}.Release|Any CPU.Build.0 = Release|Any CPU
	EndGlobalSection
	GlobalSection(SolutionProperties) = preSolution
		HideSolutionNode = FALSE
	EndGlobalSection
	GlobalSection(ExtensibilityGlobals) = postSolution
		SolutionGuid = {BC880859-C35C-4C54-B890-66376580CF33}
	EndGlobalSection
EndGlobal
